
Microsoft Visual Studio Solution File, Format Version 12.00
# Visual Studio Version 17
VisualStudioVersion = 17.1.32421.90
MinimumVisualStudioVersion = 10.0.40219.1
Project("{FAE04EC0-301F-11D3-BF4B-00C04F79EFBC}") = "actividad01", "actividad01\actividad01.csproj", "{FAADB42B-2C6A-480C-9BAD-92B99EB76A72}"
EndProject
Global
	GlobalSection(SolutionConfigurationPlatforms) = preSolution
		Debug|Any CPU = Debug|Any CPU
		Release|Any CPU = Release|Any CPU
	EndGlobalSection
	GlobalSection(ProjectConfigurationPlatforms) = postSolution
		{FAADB42B-2C6A-480C-9BAD-92B99EB76A72}.Debug|Any CPU.ActiveCfg = Debug|Any CPU
		{FAADB42B-2C6A-480C-9BAD-92B99EB76A72}.Debug|Any CPU.Build.0 = Debug|Any CPU
		{FAADB42B-2C6A-480C-9BAD-92B99EB76A72}.Release|Any CPU.ActiveCfg = Release|Any CPU
		{FAADB42B-2C6A-480C-9BAD-92B99EB76A72}.Release|Any CPU.Build.0 = Release|Any CPU
	EndGlobalSection
	GlobalSection(SolutionProperties) = preSolution
		HideSolutionNode = FALSE
	EndGlobalSection
	GlobalSection(ExtensibilityGlobals) = postSolution
		SolutionGuid = {FABAF198-DE15-400F-B3B1-AA858905E41F}
	EndGlobalSection
EndGlobal
